
Microsoft Visual Studio Solution File, Format Version 12.00
# Visual Studio 2012
Project("{F184B08F-C81C-45F6-A57F-5ABD9991F28F}") = "WBCDifferential3.0", "CellDifferential\WBCDifferential3.0.vbproj", "{53A93799-2715-4195-B7D9-C4596924C00E}"
EndProject
Global
	GlobalSection(SolutionConfigurationPlatforms) = preSolution
		Debug|x86 = Debug|x86
		Release|x86 = Release|x86
	EndGlobalSection
	GlobalSection(ProjectConfigurationPlatforms) = postSolution
		{53A93799-2715-4195-B7D9-C4596924C00E}.Debug|x86.ActiveCfg = Debug|x86
		{53A93799-2715-4195-B7D9-C4596924C00E}.Debug|x86.Build.0 = Debug|x86
		{53A93799-2715-4195-B7D9-C4596924C00E}.Release|x86.ActiveCfg = Release|x86
		{53A93799-2715-4195-B7D9-C4596924C00E}.Release|x86.Build.0 = Release|x86
	EndGlobalSection
	GlobalSection(SolutionProperties) = preSolution
		HideSolutionNode = FALSE
	EndGlobalSection
	GlobalSection(ExtensibilityGlobals) = postSolution
		VisualSVNWorkingCopyRoot = .
	EndGlobalSection
EndGlobal
